PODS:
  - Capacitor (4.6.1):
    - CapacitorCordova
  - CapacitorApp (4.1.1):
    - Capacitor
  - CapacitorBrowser (4.1.1):
    - Capacitor
  - CapacitorCamera (4.1.4):
    - Capacitor
  - CapacitorCommunityFcm (3.0.2):
    - Capacitor
    - Firebase/Messaging
  - CapacitorCommunityPhotoviewer (2.0.10):
    - Capacitor
    - ISVImageScrollView
    - SDWebImage
  - CapacitorCordova (4.6.1)
  - CapacitorDevice (4.1.0):
    - Capacitor
  - CapacitorDialog (4.1.0):
    - Capacitor
  - CapacitorFilesystem (4.1.4):
    - Capacitor
  - CapacitorHaptics (4.1.0):
    - Capacitor
  - CapacitorKeyboard (4.1.1):
    - Capacitor
  - CapacitorPreferences (4.0.2):
    - Capacitor
  - CapacitorPushNotifications (4.1.2):
    - Capacitor
  - CapacitorShare (4.1.1):
    - Capacitor
  - CapacitorSplashScreen (4.2.0):
    - Capacitor
  - CapacitorStatusBar (4.1.1):
    - Capacitor
  - CapacitorToast (4.1.0):
    - Capacitor
  - Firebase/CoreOnly (10.7.0):
    - FirebaseCore (= 10.7.0)
  - Firebase/Messaging (10.7.0):
    - Firebase/CoreOnly
    - FirebaseMessaging (~> 10.7.0)
  - FirebaseCore (10.7.0):
    - FirebaseCoreInternal (~> 10.0)
    - GoogleUtilities/Environment (~> 7.8)
    - GoogleUtilities/Logger (~> 7.8)
  - FirebaseCoreInternal (10.7.0):
    - "GoogleUtilities/NSData+zlib (~> 7.8)"
  - FirebaseInstallations (10.7.0):
    - FirebaseCore (~> 10.0)
    - GoogleUtilities/Environment (~> 7.8)
    - GoogleUtilities/UserDefaults (~> 7.8)
    - PromisesObjC (~> 2.1)
  - FirebaseMessaging (10.7.0):
    - FirebaseCore (~> 10.0)
    - FirebaseInstallations (~> 10.0)
    - GoogleDataTransport (~> 9.2)
    - GoogleUtilities/AppDelegateSwizzler (~> 7.8)
    - GoogleUtilities/Environment (~> 7.8)
    - GoogleUtilities/Reachability (~> 7.8)
    - GoogleUtilities/UserDefaults (~> 7.8)
    - nanopb (< 2.30910.0, >= 2.30908.0)
  - GoogleDataTransport (9.2.1):
    - GoogleUtilities/Environment (~> 7.7)
    - nanopb (< 2.30910.0, >= 2.30908.0)
    - PromisesObjC (< 3.0, >= 1.2)
  - GoogleUtilities/AppDelegateSwizzler (7.11.0):
    - GoogleUtilities/Environment
    - GoogleUtilities/Logger
    - GoogleUtilities/Network
  - GoogleUtilities/Environment (7.11.0):
    - PromisesObjC (< 3.0, >= 1.2)
  - GoogleUtilities/Logger (7.11.0):
    - GoogleUtilities/Environment
  - GoogleUtilities/Network (7.11.0):
    - GoogleUtilities/Logger
    - "GoogleUtilities/NSData+zlib"
    - GoogleUtilities/Reachability
  - "GoogleUtilities/NSData+zlib (7.11.0)"
  - GoogleUtilities/Reachability (7.11.0):
    - GoogleUtilities/Logger
  - GoogleUtilities/UserDefaults (7.11.0):
    - GoogleUtilities/Logger
  - ISVImageScrollView (0.3.0)
  - nanopb (2.30909.0):
    - nanopb/decode (= 2.30909.0)
    - nanopb/encode (= 2.30909.0)
  - nanopb/decode (2.30909.0)
  - nanopb/encode (2.30909.0)
  - PromisesObjC (2.2.0)
  - SDWebImage (5.15.5):
    - SDWebImage/Core (= 5.15.5)
  - SDWebImage/Core (5.15.5)

DEPENDENCIES:
  - "Capacitor (from `../../node_modules/@capacitor/ios`)"
  - "CapacitorApp (from `../../node_modules/@capacitor/app`)"
  - "CapacitorBrowser (from `../../node_modules/@capacitor/browser`)"
  - "CapacitorCamera (from `../../node_modules/@capacitor/camera`)"
  - "CapacitorCommunityFcm (from `../../node_modules/@capacitor-community/fcm`)"
  - "CapacitorCommunityPhotoviewer (from `../../node_modules/@capacitor-community/photoviewer`)"
  - "CapacitorCordova (from `../../node_modules/@capacitor/ios`)"
  - "CapacitorDevice (from `../../node_modules/@capacitor/device`)"
  - "CapacitorDialog (from `../../node_modules/@capacitor/dialog`)"
  - "CapacitorFilesystem (from `../../node_modules/@capacitor/filesystem`)"
  - "CapacitorHaptics (from `../../node_modules/@capacitor/haptics`)"
  - "CapacitorKeyboard (from `../../node_modules/@capacitor/keyboard`)"
  - "CapacitorPreferences (from `../../node_modules/@capacitor/preferences`)"
  - "CapacitorPushNotifications (from `../../node_modules/@capacitor/push-notifications`)"
  - "CapacitorShare (from `../../node_modules/@capacitor/share`)"
  - "CapacitorSplashScreen (from `../../node_modules/@capacitor/splash-screen`)"
  - "CapacitorStatusBar (from `../../node_modules/@capacitor/status-bar`)"
  - "CapacitorToast (from `../../node_modules/@capacitor/toast`)"

SPEC REPOS:
  trunk:
    - Firebase
    - FirebaseCore
    - FirebaseCoreInternal
    - FirebaseInstallations
    - FirebaseMessaging
    - GoogleDataTransport
    - GoogleUtilities
    - ISVImageScrollView
    - nanopb
    - PromisesObjC
    - SDWebImage

EXTERNAL SOURCES:
  Capacitor:
    :path: "../../node_modules/@capacitor/ios"
  CapacitorApp:
    :path: "../../node_modules/@capacitor/app"
  CapacitorBrowser:
    :path: "../../node_modules/@capacitor/browser"
  CapacitorCamera:
    :path: "../../node_modules/@capacitor/camera"
  CapacitorCommunityFcm:
    :path: "../../node_modules/@capacitor-community/fcm"
  CapacitorCommunityPhotoviewer:
    :path: "../../node_modules/@capacitor-community/photoviewer"
  CapacitorCordova:
    :path: "../../node_modules/@capacitor/ios"
  CapacitorDevice:
    :path: "../../node_modules/@capacitor/device"
  CapacitorDialog:
    :path: "../../node_modules/@capacitor/dialog"
  CapacitorFilesystem:
    :path: "../../node_modules/@capacitor/filesystem"
  CapacitorHaptics:
    :path: "../../node_modules/@capacitor/haptics"
  CapacitorKeyboard:
    :path: "../../node_modules/@capacitor/keyboard"
  CapacitorPreferences:
    :path: "../../node_modules/@capacitor/preferences"
  CapacitorPushNotifications:
    :path: "../../node_modules/@capacitor/push-notifications"
  CapacitorShare:
    :path: "../../node_modules/@capacitor/share"
  CapacitorSplashScreen:
    :path: "../../node_modules/@capacitor/splash-screen"
  CapacitorStatusBar:
    :path: "../../node_modules/@capacitor/status-bar"
  CapacitorToast:
    :path: "../../node_modules/@capacitor/toast"

SPEC CHECKSUMS:
  Capacitor: 6b8848492d0b4fec76f53c1504089228d00645bf
  CapacitorApp: acd42fe8561fe751ad5b5f459aa85e6acd7bee24
  CapacitorBrowser: b7d161fb82d591294cb81fcb12f950ae73470035
  CapacitorCamera: 8e1f9eac46c6a0b7df5619d20f021d852ccaa99a
  CapacitorCommunityFcm: 4a33814029adc531140a8faf67bca73581bd5430
  CapacitorCommunityPhotoviewer: ab2bc87404c2cfdbd9d9217e80afc098757b1d91
  CapacitorCordova: 48a0f6863177473356a4aecb4ee69e2b865202e7
  CapacitorDevice: 63e8ef8837176b8caf67dc0717b8b1123754a955
  CapacitorDialog: c8a6558d29767e76a32a056bb5e0fc9104b985b0
  CapacitorFilesystem: 3d665e5b3719d9f6e240480a7468861b0bb35f93
  CapacitorHaptics: 213b3a1f3efd6dbf6e6b76a1b2bb0399cf43b213
  CapacitorKeyboard: 16121a97b56c8609ec518ebcdc64d6386c84e5c8
  CapacitorPreferences: 1d66dc32299f55ed632c5611f312878979275ea5
  CapacitorPushNotifications: b59c99fb4041a4f2c450f9287d158cca48a788f0
  CapacitorShare: 964682279c7ba28ac13c435de29e705a2ce8f487
  CapacitorSplashScreen: 6b1c832e6f822ad1ef05073dc31dfeca02bc03a3
  CapacitorStatusBar: 65933e554bb5d65b361deaa936a93616086a2608
  CapacitorToast: 81855a3f8035e002c16f7eb5c753eb42660330a7
  Firebase: 0219acf760880eeec8ce479895bd7767466d9f81
  FirebaseCore: e317665b9d744727a97e623edbbed009320afdd7
  FirebaseCoreInternal: 8845798510aae74703467480f71ac613788d0696
  FirebaseInstallations: 59c0e4c7a816a0f76710d83f77e5369b3e45eb96
  FirebaseMessaging: ac9062bcc35ed56e15a0241d8fd317022499baf8
  GoogleDataTransport: ea169759df570f4e37bdee1623ec32a7e64e67c4
  GoogleUtilities: c2bdc4cf2ce786c4d2e6b3bcfd599a25ca78f06f
  ISVImageScrollView: 2c89840496647af985bfc0e09b346b9aa733ecec
  nanopb: b552cce312b6c8484180ef47159bc0f65a1f0431
  PromisesObjC: 09985d6d70fbe7878040aa746d78236e6946d2ef
  SDWebImage: fd7e1a22f00303e058058278639bf6196ee431fe

PODFILE CHECKSUM: f33e011e93595f9dcd983fc7f10eba8d57c76b6d

COCOAPODS: 1.12.0
